// !$*UTF8*$!
{
	archiveVersion = 1;
	classes = {
	};
	objectVersion = 46;
	objects = {

/* Begin PBXBuildFile section */
		74C915491C42510B004DD9C7 /* AppDelegate.swift in Sources */ = {isa = PBXBuildFile; fileRef = 74C915481C42510B004DD9C7 /* AppDelegate.swift */; };
		74C9154B1C42510B004DD9C7 /* ViewController.swift in Sources */ = {isa = PBXBuildFile; fileRef = 74C9154A1C42510B004DD9C7 /* ViewController.swift */; };
		74C9154E1C42510B004DD9C7 /* Main.storyboard in Resources */ = {isa = PBXBuildFile; fileRef = 74C9154C1C42510B004DD9C7 /* Main.storyboard */; };
		74C915501C42510B004DD9C7 /* Assets.xcassets in Resources */ = {isa = PBXBuildFile; fileRef = 74C9154F1C42510B004DD9C7 /* Assets.xcassets */; };
		74C915531C42510B004DD9C7 /* LaunchScreen.storyboard in Resources */ = {isa = PBXBuildFile; fileRef = 74C915511C42510B004DD9C7 /* LaunchScreen.storyboard */; };
/* End PBXBuildFile section */

/* Begin PBXFileReference section */
		74C915451C42510B004DD9C7 /* SQJSONPlist.app */ = {isa = PBXFileReference; explicitFileType = wrapper.application; includeInIndex = 0; path = SQJSONPlist.app; sourceTree = BUILT_PRODUCTS_DIR; };
		74C915481C42510B004DD9C7 /* AppDelegate.swift */ = {isa = PBXFileReference; lastKnownFileType = sourcecode.swift; path = AppDelegate.swift; sourceTree = "<group>"; };
		74C9154A1C42510B004DD9C7 /* ViewController.swift */ = {isa = PBXFileReference; lastKnownFileType = sourcecode.swift; path = ViewController.swift; sourceTree = "<group>"; };
		74C9154D1C42510B004DD9C7 /* Base */ = {isa = PBXFileReference; lastKnownFileType = file.storyboard; name = Base; path = Base.lproj/Main.storyboard; sourceTree = "<group>"; };
		74C9154F1C42510B004DD9C7 /* Assets.xcassets */ = {isa = PBXFileReference; lastKnownFileType = folder.assetcatalog; path = Assets.xcassets; sourceTree = "<group>"; };
		74C915521C42510B004DD9C7 /* Base */ = {isa = PBXFileReference; lastKnownFileType = file.storyboard; name = Base; path = Base.lproj/LaunchScreen.storyboard; sourceTree = "<group>"; };
		74C915541C42510B004DD9C7 /* Info.plist */ = {isa = PBXFileReference; lastKnownFileType = text.plist.xml; path = Info.plist; sourceTree = "<group>"; };
/* End PBXFileReference section */

/* Begin PBXFrameworksBuildPhase section */
		74C915421C42510B004DD9C7 /* Frameworks */ = {
			isa = PBXFrameworksBuildPhase;
			buildActionMask = 2147483647;
			files = (
			);
			runOnlyForDeploymentPostprocessing = 0;
		};
/* End PBXFrameworksBuildPhase section */

/* Begin PBXGroup section */
		74C9153C1C42510B004DD9C7 = {
			isa = PBXGroup;
			children = (
				74C915471C42510B004DD9C7 /* SQJSONPlist */,
				74C915461C42510B004DD9C7 /* Products */,
			);
			sourceTree = "<group>";
		};
		74C915461C42510B004DD9C7 /* Products */ = {
			isa = PBXGroup;
			children = (
				74C915451C42510B004DD9C7 /* SQJSONPlist.app */,
			);
			name = Products;
			sourceTree = "<group>";
		};
		74C915471C42510B004DD9C7 /* SQJSONPlist */ = {
			isa = PBXGroup;
			children = (
				74C915481C42510B004DD9C7 /* AppDelegate.swift */,
				74C9154A1C42510B004DD9C7 /* ViewController.swift */,
				74C9154C1C42510B004DD9C7 /* Main.storyboard */,
				74C9154F1C42510B004DD9C7 /* Assets.xcassets */,
				74C915511C42510B004DD9C7 /* LaunchScreen.storyboard */,
				74C915541C42510B004DD9C7 /* Info.plist */,
			);
			path = SQJSONPlist;
			sourceTree = "<group>";
		};
/* End PBXGroup section */

/* Begin PBXNativeTarget section */
		74C915441C42510B004DD9C7 /* SQJSONPlist */ = {
			isa = PBXNativeTarget;
			buildConfigurationList = 74C915571C42510B004DD9C7 /* Build configuration list for PBXNativeTarget "SQJSONPlist" */;
			buildPhases = (
				74C915411C42510B004DD9C7 /* Sources */,
				74C915421C42510B004DD9C7 /* Frameworks */,
				74C915431C42510B004DD9C7 /* Resources */,
			);
			buildRules = (
			);
			dependencies = (
			);
			name = SQJSONPlist;
			productName = SQJSONPlist;
			productReference = 74C915451C42510B004DD9C7 /* SQJSONPlist.app */;
			productType = "com.apple.product-type.application";
		};
/* End PBXNativeTarget section */

/* Begin PBXProject section */
		74C9153D1C42510B004DD9C7 /* Project object */ = {
			isa = PBXProject;
			attributes = {
				LastSwiftUpdateCheck = 0720;
				LastUpgradeCheck = 0720;
				ORGANIZATIONNAME = "小六";
				TargetAttributes = {
					74C915441C42510B004DD9C7 = {
						CreatedOnToolsVersion = 7.2;
					};
				};
			};
			buildConfigurationList = 74C915401C42510B004DD9C7 /* Build configuration list for PBXProject "SQJSONPlist" */;
			compatibilityVersion = "Xcode 3.2";
			developmentRegion = English;
			hasScannedForEncodings = 0;
			knownRegions = (
				en,
				Base,
			);
			mainGroup = 74C9153C1C42510B004DD9C7;
			productRefGroup = 74C915461C42510B004DD9C7 /* Products */;
			projectDirPath = "";
			projectRoot = "";
			targets = (
				74C915441C42510B004DD9C7 /* SQJSONPlist */,
			);
		};
/* End PBXProject section */

/* Begin PBXResourcesBuildPhase section */
		74C915431C42510B004DD9C7 /* Resources */ = {
			isa = PBXResourcesBuildPhase;
			buildActionMask = 2147483647;
			files = (
				74C915531C42510B004DD9C7 /* LaunchScreen.storyboard in Resources */,
				74C915501C42510B004DD9C7 /* Assets.xcassets in Resources */,
				74C9154E1C42510B004DD9C7 /* Main.storyboard in Resources */,
			);
			runOnlyForDeploymentPostprocessing = 0;
		};
/* End PBXResourcesBuildPhase section */

/* Begin PBXSourcesBuildPhase section */
		74C915411C42510B004DD9C7 /* Sources */ = {
			isa = PBXSourcesBuildPhase;
			buildActionMask = 2147483647;
			files = (
				74C9154B1C42510B004DD9C7 /* ViewController.swift in Sources */,
				74C915491C42510B004DD9C7 /* AppDelegate.swift in Sources */,
			);
			runOnlyForDeploymentPostprocessing = 0;
		};
/* End PBXSourcesBuildPhase section */

/* Begin PBXVariantGroup section */
		74C9154C1C42510B004DD9C7 /* Main.storyboard */ = {
			isa = PBXVariantGroup;
			children = (
				74C9154D1C42510B004DD9C7 /* Base */,
			);
			name = Main.storyboard;
			sourceTree = "<group>";
		};
		74C915511C42510B004DD9C7 /* LaunchScreen.storyboard */ = {
			isa = PBXVariantGroup;
			children = (
				74C915521C42510B004DD9C7 /* Base */,
			);
			name = LaunchScreen.storyboard;
			sourceTree = "<group>";
		};
/* End PBXVariantGroup section */

/* Begin XCBuildConfiguration section */
		74C915551C42510B004DD9C7 /* Debug */ = {
			isa = XCBuildConfiguration;
			buildSettings = {
				ALWAYS_SEARCH_USER_PATHS = NO;
				CLANG_CXX_LANGUAGE_STANDARD = "gnu++0x";
				CLANG_CXX_LIBRARY = "libc++";
				CLANG_ENABLE_MODULES = YES;
				CLANG_ENABLE_OBJC_ARC = YES;
				CLANG_WARN_BOOL_CONVERSION = YES;
				CLANG_WARN_CONSTANT_CONVERSION = YES;
				CLANG_WARN_DIRECT_OBJC_ISA_USAGE = YES_ERROR;
				CLANG_WARN_EMPTY_BODY = YES;
				CLANG_WARN_ENUM_CONVERSION = YES;
				CLANG_WARN_INT_CONVERSION = YES;
				CLANG_WARN_OBJC_ROOT_CLASS = YES_ERROR;
				CLANG_WARN_UNREACHABLE_CODE = YES;
				CLANG_WARN__DUPLICATE_METHOD_MATCH = YES;
				"CODE_SIGN_IDENTITY[sdk=iphoneos*]" = "iPhone Developer";
				COPY_PHASE_STRIP = NO;
				DEBUG_INFORMATION_FORMAT = dwarf;
				ENABLE_STRICT_OBJC_MSGSEND = YES;
				ENABLE_TESTABILITY = YES;
				GCC_C_LANGUAGE_STANDARD = gnu99;
				GCC_DYNAMIC_NO_PIC = NO;
				GCC_NO_COMMON_BLOCKS = YES;
				GCC_OPTIMIZATION_LEVEL = 0;
				GCC_PREPROCESSOR_DEFINITIONS = (
					"DEBUG=1",
					"$(inherited)",
				);
				GCC_WARN_64_TO_32_BIT_CONVERSION = YES;
				GCC_WARN_ABOUT_RETURN_TYPE = YES_ERROR;
				GCC_WARN_UNDECLARED_SELECTOR = YES;
				GCC_WARN_UNINITIALIZED_AUTOS = YES_AGGRESSIVE;
				GCC_WARN_UNUSED_FUNCTION = YES;
				GCC_WARN_UNUSED_VARIABLE = YES;
				IPHONEOS_DEPLOYMENT_TARGET = 9.2;
				MTL_ENABLE_DEBUG_INFO = YES;
				ONLY_ACTIVE_ARCH = YES;
				SDKROOT = iphoneos;
				SWIFT_OPTIMIZATION_LEVEL = "-Onone";
			};
			name = Debug;
		};
		74C915561C42510B004DD9C7 /* Release */ = {
			isa = XCBuildConfiguration;
			buildSettings = {
				ALWAYS_SEARCH_USER_PATHS = NO;
				CLANG_CXX_LANGUAGE_STANDARD = "gnu++0x";
				CLANG_CXX_LIBRARY = "libc++";
				CLANG_ENABLE_MODULES = YES;
				CLANG_ENABLE_OBJC_ARC = YES;
				CLANG_WARN_BOOL_CONVERSION = YES;
				CLANG_WARN_CONSTANT_CONVERSION = YES;
				CLANG_WARN_DIRECT_OBJC_ISA_USAGE = YES_ERROR;
				CLANG_WARN_EMPTY_BODY = YES;
				CLANG_WARN_ENUM_CONVERSION = YES;
				CLANG_WARN_INT_CONVERSION = YES;
				CLANG_WARN_OBJC_ROOT_CLASS = YES_ERROR;
				CLANG_WARN_UNREACHABLE_CODE = YES;
				CLANG_WARN__DUPLICATE_METHOD_MATCH = YES;
				"CODE_SIGN_IDENTITY[sdk=iphoneos*]" = "iPhone Developer";
				COPY_PHASE_STRIP = NO;
				DEBUG_INFORMATION_FORMAT = "dwarf-with-dsym";
				ENABLE_NS_ASSERTIONS = NO;
				ENABLE_STRICT_OBJC_MSGSEND = YES;
				GCC_C_LANGUAGE_STANDARD = gnu99;
				GCC_NO_COMMON_BLOCKS = YES;
				GCC_WARN_64_TO_32_BIT_CONVERSION = YES;
				GCC_WARN_ABOUT_RETURN_TYPE = YES_ERROR;
				GCC_WARN_UNDECLARED_SELECTOR = YES;
				GCC_WARN_UNINITIALIZED_AUTOS = YES_AGGRESSIVE;
				GCC_WARN_UNUSED_FUNCTION = YES;
				GCC_WARN_UNUSED_VARIABLE = YES;
				IPHONEOS_DEPLOYMENT_TARGET = 9.2;
				MTL_ENABLE_DEBUG_INFO = NO;
				SDKROOT = iphoneos;
				VALIDATE_PRODUCT = YES;
			};
			name = Release;
		};
		74C915581C42510B004DD9C7 /* Debug */ = {
			isa = XCBuildConfiguration;
			buildSettings = {
				ASSETCATALOG_COMPILER_APPICON_NAME = AppIcon;
				INFOPLIST_FILE = SQJSONPlist/Info.plist;
				LD_RUNPATH_SEARCH_PATHS = "$(inherited) @executable_path/Frameworks";
				PRODUCT_BUNDLE_IDENTIFIER = com.smallsix.jsontoplist.SQJSONPlist;
				PRODUCT_NAME = "$(TARGET_NAME)";
			};
			name = Debug;
		};
		74C915591C42510B004DD9C7 /* Release */ = {
			isa = XCBuildConfiguration;
			buildSettings = {
				ASSETCATALOG_COMPILER_APPICON_NAME = AppIcon;
				INFOPLIST_FILE = SQJSONPlist/Info.plist;
				LD_RUNPATH_SEARCH_PATHS = "$(inherited) @executable_path/Frameworks";
				PRODUCT_BUNDLE_IDENTIFIER = com.smallsix.jsontoplist.SQJSONPlist;
				PRODUCT_NAME = "$(TARGET_NAME)";
			};
			name = Release;
		};
/* End XCBuildConfiguration section */

/* Begin XCConfigurationList section */
		74C915401C42510B004DD9C7 /* Build configuration list for PBXProject "SQJSONPlist" */ = {
			isa = XCConfigurationList;
			buildConfigurations = (
				74C915551C42510B004DD9C7 /* Debug */,
				74C915561C42510B004DD9C7 /* Release */,
			);
			defaultConfigurationIsVisible = 0;
			defaultConfigurationName = Release;
		};
		74C915571C42510B004DD9C7 /* Build configuration list for PBXNativeTarget "SQJSONPlist" */ = {
			isa = XCConfigurationList;
			buildConfigurations = (
				74C915581C42510B004DD9C7 /* Debug */,
				74C915591C42510B004DD9C7 /* Release */,
			);
			defaultConfigurationIsVisible = 0;
		};
/* End XCConfigurationList section */
	};
	rootObject = 74C9153D1C42510B004DD9C7 /* Project object */;
}
